# This file is automatically @generated by Poetry 1.5.1 and should not be changed by hand.

[[package]]
name = "neo4j"
version = "5.10.0"
description = "Neo4j Bolt driver for Python"
optional = false
python-versions = ">=3.7"
files = [
    {file = "neo4j-5.10.0.tar.gz", hash = "sha256:90616b2de1dc5a5e0ab17b72f0762f3496ac9f21c58bc0067f44d40c41db6a4e"},
]

[package.dependencies]
pytz = "*"

[package.extras]
numpy = ["numpy (>=1.7.0,<2.0.0)"]
pandas = ["numpy (>=1.7.0,<2.0.0)", "pandas (>=1.1.0,<3.0.0)"]

[[package]]
name = "pytz"
version = "2023.3"
description = "World timezone definitions, modern and historical"
optional = false
python-versions = "*"
files = [
    {file = "pytz-2023.3-py2.py3-none-any.whl", hash = "sha256:a151b3abb88eda1d4e34a9814df37de2a80e301e68ba0fd856fb9b46bfbbbffb"},
    {file = "pytz-2023.3.tar.gz", hash = "sha256:1d8ce29db189191fb55338ee6d0387d82ab59f3d00eac103412d64e0ebd0c588"},
]

[metadata]
lock-version = "2.0"
python-versions = "^3.11"
content-hash = "94aed744802a1be70cbc2cb220bae25841d8b08013d1a9638ca7adbfb193c551"
